// !$*UTF8*$!
{
	archiveVersion = 1;
	classes = {
	};
	objectVersion = 46;
	objects = {

/* Begin PBXBuildFile section */
		65A78CEB20064FD2001F24DF /* DemoMessage.m in Sources */ = {isa = PBXBuildFile; fileRef = 65A78CEA20064FD2001F24DF /* DemoMessage.m */; };
		65BDA9271FFD02E400C0848A /* UUAVAudioPlayer.m in Sources */ = {isa = PBXBuildFile; fileRef = 65BDA9171FFD02E400C0848A /* UUAVAudioPlayer.m */; };
		65BDA9281FFD02E400C0848A /* UUInputFunctionView.m in Sources */ = {isa = PBXBuildFile; fileRef = 65BDA9181FFD02E400C0848A /* UUInputFunctionView.m */; };
		65BDA9291FFD02E400C0848A /* UUMessageContentButton.m in Sources */ = {isa = PBXBuildFile; fileRef = 65BDA91A1FFD02E400C0848A /* UUMessageContentButton.m */; };
		65BDA92A1FFD02E400C0848A /* UUMessageFrame.m in Sources */ = {isa = PBXBuildFile; fileRef = 65BDA91F1FFD02E400C0848A /* UUMessageFrame.m */; };
		65BDA92B1FFD02E400C0848A /* UUMessageCell.m in Sources */ = {isa = PBXBuildFile; fileRef = 65BDA9231FFD02E400C0848A /* UUMessageCell.m */; };
		65BDA92C1FFD02E400C0848A /* UUProgressHUD.m in Sources */ = {isa = PBXBuildFile; fileRef = 65BDA9241FFD02E400C0848A /* UUProgressHUD.m */; };
		65BDA92E1FFD02E400C0848A /* UUImageAvatarBrowser.m in Sources */ = {isa = PBXBuildFile; fileRef = 65BDA9261FFD02E400C0848A /* UUImageAvatarBrowser.m */; };
		65BDA9301FFD032C00C0848A /* UUChatTableView.bundle in Resources */ = {isa = PBXBuildFile; fileRef = 65BDA92F1FFD032C00C0848A /* UUChatTableView.bundle */; };
		65BDAAF71FFE66DD00C0848A /* UUChatCategory.m in Sources */ = {isa = PBXBuildFile; fileRef = 65BDAAF61FFE66DD00C0848A /* UUChatCategory.m */; };
		B7B9051F1A5B770200A46EFD /* main.m in Sources */ = {isa = PBXBuildFile; fileRef = B7B9051E1A5B770200A46EFD /* main.m */; };
		B7B905221A5B770200A46EFD /* AppDelegate.m in Sources */ = {isa = PBXBuildFile; fileRef = B7B905211A5B770200A46EFD /* AppDelegate.m */; };
		B7B9052A1A5B770200A46EFD /* Images.xcassets in Resources */ = {isa = PBXBuildFile; fileRef = B7B905291A5B770200A46EFD /* Images.xcassets */; };
		B7B9052D1A5B770200A46EFD /* LaunchScreen.xib in Resources */ = {isa = PBXBuildFile; fileRef = B7B9052B1A5B770200A46EFD /* LaunchScreen.xib */; };
		B7B905391A5B770200A46EFD /* UUChatTableViewTests.m in Sources */ = {isa = PBXBuildFile; fileRef = B7B905381A5B770200A46EFD /* UUChatTableViewTests.m */; };
		B7B905451A5B772900A46EFD /* RootViewController.m in Sources */ = {isa = PBXBuildFile; fileRef = B7B905431A5B772900A46EFD /* RootViewController.m */; };
		B7B905C01A5B7FCB00A46EFD /* NSDate+Utils.m in Sources */ = {isa = PBXBuildFile; fileRef = B7B905BF1A5B7FCB00A46EFD /* NSDate+Utils.m */; };
		B7B905EF1A5BD04700A46EFD /* ChatModel.m in Sources */ = {isa = PBXBuildFile; fileRef = B7B905EE1A5BD04700A46EFD /* ChatModel.m */; };
		BE2BCDD0C30A3F518CED766B /* Pods_UUChatTableView.framework in Frameworks */ = {isa = PBXBuildFile; fileRef = 3E171B44BD2925E1410C2AA8 /* Pods_UUChatTableView.framework */; };
		F0D1432F1AD6A56300881F5B /* 0.jpeg in Resources */ = {isa = PBXBuildFile; fileRef = F0D1432A1AD6A56300881F5B /* 0.jpeg */; };
		F0D143301AD6A56300881F5B /* 1.jpeg in Resources */ = {isa = PBXBuildFile; fileRef = F0D1432B1AD6A56300881F5B /* 1.jpeg */; };
		F0D143351AD6A8D600881F5B /* headImage.jpeg in Resources */ = {isa = PBXBuildFile; fileRef = F0D143341AD6A8D600881F5B /* headImage.jpeg */; };
/* End PBXBuildFile section */

/* Begin PBXContainerItemProxy section */
		B7B905331A5B770200A46EFD /* PBXContainerItemProxy */ = {
			isa = PBXContainerItemProxy;
			containerPortal = B7B905111A5B770200A46EFD /* Project object */;
			proxyType = 1;
			remoteGlobalIDString = B7B905181A5B770200A46EFD;
			remoteInfo = UUChatTableView;
		};
/* End PBXContainerItemProxy section */

/* Begin PBXFileReference section */
		0C1DFEA83C0F1A67F297FE52 /* Pods-UUChatTableView.release.xcconfig */ = {isa = PBXFileReference; includeInIndex = 1; lastKnownFileType = text.xcconfig; name = "Pods-UUChatTableView.release.xcconfig"; path = "Pods/Target Support Files/Pods-UUChatTableView/Pods-UUChatTableView.release.xcconfig"; sourceTree = "<group>"; };
		0D9A386DD91B302B830B13BB /* Pods-UUChatTableView.debug.xcconfig */ = {isa = PBXFileReference; includeInIndex = 1; lastKnownFileType = text.xcconfig; name = "Pods-UUChatTableView.debug.xcconfig"; path = "Pods/Target Support Files/Pods-UUChatTableView/Pods-UUChatTableView.debug.xcconfig"; sourceTree = "<group>"; };
		3E171B44BD2925E1410C2AA8 /* Pods_UUChatTableView.framework */ = {isa = PBXFileReference; explicitFileType = wrapper.framework; includeInIndex = 0; path = Pods_UUChatTableView.framework; sourceTree = BUILT_PRODUCTS_DIR; };
		65A78CE920064FD2001F24DF /* DemoMessage.h */ = {isa = PBXFileReference; lastKnownFileType = sourcecode.c.h; path = DemoMessage.h; sourceTree = "<group>"; };
		65A78CEA20064FD2001F24DF /* DemoMessage.m */ = {isa = PBXFileReference; lastKnownFileType = sourcecode.c.objc; path = DemoMessage.m; sourceTree = "<group>"; };
		65BDA9171FFD02E400C0848A /* UUAVAudioPlayer.m */ = {isa = PBXFileReference; fileEncoding = 4; lastKnownFileType = sourcecode.c.objc; path = UUAVAudioPlayer.m; sourceTree = "<group>"; };
		65BDA9181FFD02E400C0848A /* UUInputFunctionView.m */ = {isa = PBXFileReference; fileEncoding = 4; lastKnownFileType = sourcecode.c.objc; path = UUInputFunctionView.m; sourceTree = "<group>"; };
		65BDA9191FFD02E400C0848A /* UUMessageFrame.h */ = {isa = PBXFileReference; fileEncoding = 4; lastKnownFileType = sourcecode.c.h; path = UUMessageFrame.h; sourceTree = "<group>"; };
		65BDA91A1FFD02E400C0848A /* UUMessageContentButton.m */ = {isa = PBXFileReference; fileEncoding = 4; lastKnownFileType = sourcecode.c.objc; path = UUMessageContentButton.m; sourceTree = "<group>"; };
		65BDA91B1FFD02E400C0848A /* UUProgressHUD.h */ = {isa = PBXFileReference; fileEncoding = 4; lastKnownFileType = sourcecode.c.h; path = UUProgressHUD.h; sourceTree = "<group>"; };
		65BDA91C1FFD02E400C0848A /* UUMessageCell.h */ = {isa = PBXFileReference; fileEncoding = 4; lastKnownFileType = sourcecode.c.h; path = UUMessageCell.h; sourceTree = "<group>"; };
		65BDA91D1FFD02E400C0848A /* UUImageAvatarBrowser.h */ = {isa = PBXFileReference; fileEncoding = 4; lastKnownFileType = sourcecode.c.h; path = UUImageAvatarBrowser.h; sourceTree = "<group>"; };
		65BDA91E1FFD02E400C0848A /* UUMessage.h */ = {isa = PBXFileReference; fileEncoding = 4; lastKnownFileType = sourcecode.c.h; path = UUMessage.h; sourceTree = "<group>"; };
		65BDA91F1FFD02E400C0848A /* UUMessageFrame.m */ = {isa = PBXFileReference; fileEncoding = 4; lastKnownFileType = sourcecode.c.objc; path = UUMessageFrame.m; sourceTree = "<group>"; };
		65BDA9201FFD02E400C0848A /* UUInputFunctionView.h */ = {isa = PBXFileReference; fileEncoding = 4; lastKnownFileType = sourcecode.c.h; path = UUInputFunctionView.h; sourceTree = "<group>"; };
		65BDA9211FFD02E400C0848A /* UUAVAudioPlayer.h */ = {isa = PBXFileReference; fileEncoding = 4; lastKnownFileType = sourcecode.c.h; path = UUAVAudioPlayer.h; sourceTree = "<group>"; };
		65BDA9221FFD02E400C0848A /* UUMessageContentButton.h */ = {isa = PBXFileReference; fileEncoding = 4; lastKnownFileType = sourcecode.c.h; path = UUMessageContentButton.h; sourceTree = "<group>"; };
		65BDA9231FFD02E400C0848A /* UUMessageCell.m */ = {isa = PBXFileReference; fileEncoding = 4; lastKnownFileType = sourcecode.c.objc; path = UUMessageCell.m; sourceTree = "<group>"; };
		65BDA9241FFD02E400C0848A /* UUProgressHUD.m */ = {isa = PBXFileReference; fileEncoding = 4; lastKnownFileType = sourcecode.c.objc; path = UUProgressHUD.m; sourceTree = "<group>"; };
		65BDA9261FFD02E400C0848A /* UUImageAvatarBrowser.m */ = {isa = PBXFileReference; fileEncoding = 4; lastKnownFileType = sourcecode.c.objc; path = UUImageAvatarBrowser.m; sourceTree = "<group>"; };
		65BDA92F1FFD032C00C0848A /* UUChatTableView.bundle */ = {isa = PBXFileReference; lastKnownFileType = "wrapper.plug-in"; path = UUChatTableView.bundle; sourceTree = "<group>"; };
		65BDAAF51FFE66DD00C0848A /* UUChatCategory.h */ = {isa = PBXFileReference; lastKnownFileType = sourcecode.c.h; path = UUChatCategory.h; sourceTree = "<group>"; };
		65BDAAF61FFE66DD00C0848A /* UUChatCategory.m */ = {isa = PBXFileReference; lastKnownFileType = sourcecode.c.objc; path = UUChatCategory.m; sourceTree = "<group>"; };
		B7B905191A5B770200A46EFD /* UUChatTableView.app */ = {isa = PBXFileReference; explicitFileType = wrapper.application; includeInIndex = 0; path = UUChatTableView.app; sourceTree = BUILT_PRODUCTS_DIR; };
		B7B9051D1A5B770200A46EFD /* Info.plist */ = {isa = PBXFileReference; lastKnownFileType = text.plist.xml; path = Info.plist; sourceTree = "<group>"; };
		B7B9051E1A5B770200A46EFD /* main.m */ = {isa = PBXFileReference; lastKnownFileType = sourcecode.c.objc; path = main.m; sourceTree = "<group>"; };
		B7B905201A5B770200A46EFD /* AppDelegate.h */ = {isa = PBXFileReference; lastKnownFileType = sourcecode.c.h; path = AppDelegate.h; sourceTree = "<group>"; };
		B7B905211A5B770200A46EFD /* AppDelegate.m */ = {isa = PBXFileReference; lastKnownFileType = sourcecode.c.objc; path = AppDelegate.m; sourceTree = "<group>"; };
		B7B905291A5B770200A46EFD /* Images.xcassets */ = {isa = PBXFileReference; lastKnownFileType = folder.assetcatalog; path = Images.xcassets; sourceTree = "<group>"; };
		B7B9052C1A5B770200A46EFD /* Base */ = {isa = PBXFileReference; lastKnownFileType = file.xib; name = Base; path = Base.lproj/LaunchScreen.xib; sourceTree = "<group>"; };
		B7B905321A5B770200A46EFD /* UUChatTableViewTests.xctest */ = {isa = PBXFileReference; explicitFileType = wrapper.cfbundle; includeInIndex = 0; path = UUChatTableViewTests.xctest; sourceTree = BUILT_PRODUCTS_DIR; };
		B7B905371A5B770200A46EFD /* Info.plist */ = {isa = PBXFileReference; lastKnownFileType = text.plist.xml; path = Info.plist; sourceTree = "<group>"; };
		B7B905381A5B770200A46EFD /* UUChatTableViewTests.m */ = {isa = PBXFileReference; lastKnownFileType = sourcecode.c.objc; path = UUChatTableViewTests.m; sourceTree = "<group>"; };
		B7B905421A5B772900A46EFD /* RootViewController.h */ = {isa = PBXFileReference; fileEncoding = 4; lastKnownFileType = sourcecode.c.h; path = RootViewController.h; sourceTree = "<group>"; };
		B7B905431A5B772900A46EFD /* RootViewController.m */ = {isa = PBXFileReference; fileEncoding = 4; lastKnownFileType = sourcecode.c.objc; path = RootViewController.m; sourceTree = "<group>"; };
		B7B905BE1A5B7FCB00A46EFD /* NSDate+Utils.h */ = {isa = PBXFileReference; fileEncoding = 4; lastKnownFileType = sourcecode.c.h; path = "NSDate+Utils.h"; sourceTree = "<group>"; };
		B7B905BF1A5B7FCB00A46EFD /* NSDate+Utils.m */ = {isa = PBXFileReference; fileEncoding = 4; lastKnownFileType = sourcecode.c.objc; path = "NSDate+Utils.m"; sourceTree = "<group>"; };
		B7B905ED1A5BD04700A46EFD /* ChatModel.h */ = {isa = PBXFileReference; fileEncoding = 4; lastKnownFileType = sourcecode.c.h; path = ChatModel.h; sourceTree = "<group>"; };
		B7B905EE1A5BD04700A46EFD /* ChatModel.m */ = {isa = PBXFileReference; fileEncoding = 4; lastKnownFileType = sourcecode.c.objc; path = ChatModel.m; sourceTree = "<group>"; };
		F0D1432A1AD6A56300881F5B /* 0.jpeg */ = {isa = PBXFileReference; lastKnownFileType = image.jpeg; path = 0.jpeg; sourceTree = "<group>"; };
		F0D1432B1AD6A56300881F5B /* 1.jpeg */ = {isa = PBXFileReference; lastKnownFileType = image.jpeg; path = 1.jpeg; sourceTree = "<group>"; };
		F0D143341AD6A8D600881F5B /* headImage.jpeg */ = {isa = PBXFileReference; lastKnownFileType = image.jpeg; path = headImage.jpeg; sourceTree = "<group>"; };
/* End PBXFileReference section */

/* Begin PBXFrameworksBuildPhase section */
		B7B905161A5B770200A46EFD /* Frameworks */ = {
			isa = PBXFrameworksBuildPhase;
			buildActionMask = 2147483647;
			files = (
				BE2BCDD0C30A3F518CED766B /* Pods_UUChatTableView.framework in Frameworks */,
			);
			runOnlyForDeploymentPostprocessing = 0;
		};
		B7B9052F1A5B770200A46EFD /* Frameworks */ = {
			isa = PBXFrameworksBuildPhase;
			buildActionMask = 2147483647;
			files = (
			);
			runOnlyForDeploymentPostprocessing = 0;
		};
/* End PBXFrameworksBuildPhase section */

/* Begin PBXGroup section */
		0ED4CEA072F2927F27BE246A /* Pods */ = {
			isa = PBXGroup;
			children = (
				0D9A386DD91B302B830B13BB /* Pods-UUChatTableView.debug.xcconfig */,
				0C1DFEA83C0F1A67F297FE52 /* Pods-UUChatTableView.release.xcconfig */,
			);
			name = Pods;
			sourceTree = "<group>";
		};
		434893CE85592029495B05C7 /* Frameworks */ = {
			isa = PBXGroup;
			children = (
				3E171B44BD2925E1410C2AA8 /* Pods_UUChatTableView.framework */,
			);
			name = Frameworks;
			sourceTree = "<group>";
		};
		65BDA9161FFD02E400C0848A /* Class */ = {
			isa = PBXGroup;
			children = (
				65BDA92F1FFD032C00C0848A /* UUChatTableView.bundle */,
				65BDA9211FFD02E400C0848A /* UUAVAudioPlayer.h */,
				65BDA9171FFD02E400C0848A /* UUAVAudioPlayer.m */,
				65BDA91D1FFD02E400C0848A /* UUImageAvatarBrowser.h */,
				65BDA9261FFD02E400C0848A /* UUImageAvatarBrowser.m */,
				65BDA9201FFD02E400C0848A /* UUInputFunctionView.h */,
				65BDA9181FFD02E400C0848A /* UUInputFunctionView.m */,
				65BDA91E1FFD02E400C0848A /* UUMessage.h */,
				65BDA91C1FFD02E400C0848A /* UUMessageCell.h */,
				65BDA9231FFD02E400C0848A /* UUMessageCell.m */,
				65BDA9221FFD02E400C0848A /* UUMessageContentButton.h */,
				65BDA91A1FFD02E400C0848A /* UUMessageContentButton.m */,
				65BDA9191FFD02E400C0848A /* UUMessageFrame.h */,
				65BDA91F1FFD02E400C0848A /* UUMessageFrame.m */,
				65BDA91B1FFD02E400C0848A /* UUProgressHUD.h */,
				65BDA9241FFD02E400C0848A /* UUProgressHUD.m */,
				65BDAAF51FFE66DD00C0848A /* UUChatCategory.h */,
				65BDAAF61FFE66DD00C0848A /* UUChatCategory.m */,
			);
			name = Class;
			path = ../Class;
			sourceTree = "<group>";
		};
		B7B905101A5B770200A46EFD = {
			isa = PBXGroup;
			children = (
				65BDA9161FFD02E400C0848A /* Class */,
				B7B905491A5B7F0200A46EFD /* OtherResources */,
				B7B9051B1A5B770200A46EFD /* UUChatTableView */,
				B7B905351A5B770200A46EFD /* UUChatTableViewTests */,
				B7B9051A1A5B770200A46EFD /* Products */,
				0ED4CEA072F2927F27BE246A /* Pods */,
				434893CE85592029495B05C7 /* Frameworks */,
			);
			sourceTree = "<group>";
		};
		B7B9051A1A5B770200A46EFD /* Products */ = {
			isa = PBXGroup;
			children = (
				B7B905191A5B770200A46EFD /* UUChatTableView.app */,
				B7B905321A5B770200A46EFD /* UUChatTableViewTests.xctest */,
			);
			name = Products;
			sourceTree = "<group>";
		};
		B7B9051B1A5B770200A46EFD /* UUChatTableView */ = {
			isa = PBXGroup;
			children = (
				B7B905201A5B770200A46EFD /* AppDelegate.h */,
				B7B905211A5B770200A46EFD /* AppDelegate.m */,
				65A78CE920064FD2001F24DF /* DemoMessage.h */,
				65A78CEA20064FD2001F24DF /* DemoMessage.m */,
				B7B905421A5B772900A46EFD /* RootViewController.h */,
				B7B905431A5B772900A46EFD /* RootViewController.m */,
				B7B905ED1A5BD04700A46EFD /* ChatModel.h */,
				B7B905EE1A5BD04700A46EFD /* ChatModel.m */,
				B7B905291A5B770200A46EFD /* Images.xcassets */,
				B7B9052B1A5B770200A46EFD /* LaunchScreen.xib */,
				B7B9051C1A5B770200A46EFD /* Supporting Files */,
			);
			path = UUChatTableView;
			sourceTree = "<group>";
		};
		B7B9051C1A5B770200A46EFD /* Supporting Files */ = {
			isa = PBXGroup;
			children = (
				B7B9051D1A5B770200A46EFD /* Info.plist */,
				B7B9051E1A5B770200A46EFD /* main.m */,
			);
			name = "Supporting Files";
			sourceTree = "<group>";
		};
		B7B905351A5B770200A46EFD /* UUChatTableViewTests */ = {
			isa = PBXGroup;
			children = (
				B7B905381A5B770200A46EFD /* UUChatTableViewTests.m */,
				B7B905361A5B770200A46EFD /* Supporting Files */,
			);
			path = UUChatTableViewTests;
			sourceTree = "<group>";
		};
		B7B905361A5B770200A46EFD /* Supporting Files */ = {
			isa = PBXGroup;
			children = (
				B7B905371A5B770200A46EFD /* Info.plist */,
			);
			name = "Supporting Files";
			sourceTree = "<group>";
		};
		B7B905491A5B7F0200A46EFD /* OtherResources */ = {
			isa = PBXGroup;
			children = (
				B7B905BE1A5B7FCB00A46EFD /* NSDate+Utils.h */,
				B7B905BF1A5B7FCB00A46EFD /* NSDate+Utils.m */,
				F0D143291AD6A50000881F5B /* photo */,
			);
			path = OtherResources;
			sourceTree = "<group>";
		};
		F0D143291AD6A50000881F5B /* photo */ = {
			isa = PBXGroup;
			children = (
				F0D143341AD6A8D600881F5B /* headImage.jpeg */,
				F0D1432A1AD6A56300881F5B /* 0.jpeg */,
				F0D1432B1AD6A56300881F5B /* 1.jpeg */,
			);
			path = photo;
			sourceTree = "<group>";
		};
/* End PBXGroup section */

/* Begin PBXNativeTarget section */
		B7B905181A5B770200A46EFD /* UUChatTableView */ = {
			isa = PBXNativeTarget;
			buildConfigurationList = B7B9053C1A5B770200A46EFD /* Build configuration list for PBXNativeTarget "UUChatTableView" */;
			buildPhases = (
				01968987D9B491E2C0950793 /* [CP] Check Pods Manifest.lock */,
				B7B905151A5B770200A46EFD /* Sources */,
				B7B905161A5B770200A46EFD /* Frameworks */,
				B7B905171A5B770200A46EFD /* Resources */,
				8ABE00BF80D1E799353303E2 /* [CP] Embed Pods Frameworks */,
				49283D2D1B5E9A9D389EA4AF /* [CP] Copy Pods Resources */,
			);
			buildRules = (
			);
			dependencies = (
			);
			name = UUChatTableView;
			productName = UUChatTableView;
			productReference = B7B905191A5B770200A46EFD /* UUChatTableView.app */;
			productType = "com.apple.product-type.application";
		};
		B7B905311A5B770200A46EFD /* UUChatTableViewTests */ = {
			isa = PBXNativeTarget;
			buildConfigurationList = B7B9053F1A5B770200A46EFD /* Build configuration list for PBXNativeTarget "UUChatTableViewTests" */;
			buildPhases = (
				B7B9052E1A5B770200A46EFD /* Sources */,
				B7B9052F1A5B770200A46EFD /* Frameworks */,
				B7B905301A5B770200A46EFD /* Resources */,
			);
			buildRules = (
			);
			dependencies = (
				B7B905341A5B770200A46EFD /* PBXTargetDependency */,
			);
			name = UUChatTableViewTests;
			productName = UUChatTableViewTests;
			productReference = B7B905321A5B770200A46EFD /* UUChatTableViewTests.xctest */;
			productType = "com.apple.product-type.bundle.unit-test";
		};
/* End PBXNativeTarget section */

/* Begin PBXProject section */
		B7B905111A5B770200A46EFD /* Project object */ = {
			isa = PBXProject;
			attributes = {
				LastUpgradeCheck = 0920;
				ORGANIZATIONNAME = uyiuyao;
				TargetAttributes = {
					B7B905181A5B770200A46EFD = {
						CreatedOnToolsVersion = 6.1.1;
						ProvisioningStyle = Manual;
					};
					B7B905311A5B770200A46EFD = {
						CreatedOnToolsVersion = 6.1.1;
						TestTargetID = B7B905181A5B770200A46EFD;
					};
				};
			};
			buildConfigurationList = B7B905141A5B770200A46EFD /* Build configuration list for PBXProject "UUChatTableView" */;
			compatibilityVersion = "Xcode 3.2";
			developmentRegion = English;
			hasScannedForEncodings = 0;
			knownRegions = (
				en,
				Base,
			);
			mainGroup = B7B905101A5B770200A46EFD;
			productRefGroup = B7B9051A1A5B770200A46EFD /* Products */;
			projectDirPath = "";
			projectRoot = "";
			targets = (
				B7B905181A5B770200A46EFD /* UUChatTableView */,
				B7B905311A5B770200A46EFD /* UUChatTableViewTests */,
			);
		};
/* End PBXProject section */

/* Begin PBXResourcesBuildPhase section */
		B7B905171A5B770200A46EFD /* Resources */ = {
			isa = PBXResourcesBuildPhase;
			buildActionMask = 2147483647;
			files = (
				F0D143301AD6A56300881F5B /* 1.jpeg in Resources */,
				B7B9052D1A5B770200A46EFD /* LaunchScreen.xib in Resources */,
				65BDA9301FFD032C00C0848A /* UUChatTableView.bundle in Resources */,
				F0D1432F1AD6A56300881F5B /* 0.jpeg in Resources */,
				B7B9052A1A5B770200A46EFD /* Images.xcassets in Resources */,
				F0D143351AD6A8D600881F5B /* headImage.jpeg in Resources */,
			);
			runOnlyForDeploymentPostprocessing = 0;
		};
		B7B905301A5B770200A46EFD /* Resources */ = {
			isa = PBXResourcesBuildPhase;
			buildActionMask = 2147483647;
			files = (
			);
			runOnlyForDeploymentPostprocessing = 0;
		};
/* End PBXResourcesBuildPhase section */

/* Begin PBXShellScriptBuildPhase section */
		01968987D9B491E2C0950793 /* [CP] Check Pods Manifest.lock */ = {
			isa = PBXShellScriptBuildPhase;
			buildActionMask = 2147483647;
			files = (
			);
			inputPaths = (
				"${PODS_PODFILE_DIR_PATH}/Podfile.lock",
				"${PODS_ROOT}/Manifest.lock",
			);
			name = "[CP] Check Pods Manifest.lock";
			outputPaths = (
				"$(DERIVED_FILE_DIR)/Pods-UUChatTableView-checkManifestLockResult.txt",
			);
			runOnlyForDeploymentPostprocessing = 0;
			shellPath = /bin/sh;
			shellScript = "diff \"${PODS_PODFILE_DIR_PATH}/Podfile.lock\" \"${PODS_ROOT}/Manifest.lock\" > /dev/null\nif [ $? != 0 ] ; then\n    # print error to STDERR\n    echo \"error: The sandbox is not in sync with the Podfile.lock. Run 'pod install' or update your CocoaPods installation.\" >&2\n    exit 1\nfi\n# This output is used by Xcode 'outputs' to avoid re-running this script phase.\necho \"SUCCESS\" > \"${SCRIPT_OUTPUT_FILE_0}\"\n";
			showEnvVarsInLog = 0;
		};
		49283D2D1B5E9A9D389EA4AF /* [CP] Copy Pods Resources */ = {
			isa = PBXShellScriptBuildPhase;
			buildActionMask = 2147483647;
			files = (
			);
			inputPaths = (
			);
			name = "[CP] Copy Pods Resources";
			outputPaths = (
			);
			runOnlyForDeploymentPostprocessing = 0;
			shellPath = /bin/sh;
			shellScript = "\"${SRCROOT}/Pods/Target Support Files/Pods-UUChatTableView/Pods-UUChatTableView-resources.sh\"\n";
			showEnvVarsInLog = 0;
		};
		8ABE00BF80D1E799353303E2 /* [CP] Embed Pods Frameworks */ = {
			isa = PBXShellScriptBuildPhase;
			buildActionMask = 2147483647;
			files = (
			);
			inputPaths = (
				"${SRCROOT}/Pods/Target Support Files/Pods-UUChatTableView/Pods-UUChatTableView-frameworks.sh",
				"${BUILT_PRODUCTS_DIR}/AFNetworking/AFNetworking.framework",
				"${BUILT_PRODUCTS_DIR}/MJRefresh/MJRefresh.framework",
			);
			name = "[CP] Embed Pods Frameworks";
			outputPaths = (
				"${TARGET_BUILD_DIR}/${FRAMEWORKS_FOLDER_PATH}/AFNetworking.framework",
				"${TARGET_BUILD_DIR}/${FRAMEWORKS_FOLDER_PATH}/MJRefresh.framework",
			);
			runOnlyForDeploymentPostprocessing = 0;
			shellPath = /bin/sh;
			shellScript = "\"${SRCROOT}/Pods/Target Support Files/Pods-UUChatTableView/Pods-UUChatTableView-frameworks.sh\"\n";
			showEnvVarsInLog = 0;
		};
/* End PBXShellScriptBuildPhase section */

/* Begin PBXSourcesBuildPhase section */
		B7B905151A5B770200A46EFD /* Sources */ = {
			isa = PBXSourcesBuildPhase;
			buildActionMask = 2147483647;
			files = (
				65BDA92E1FFD02E400C0848A /* UUImageAvatarBrowser.m in Sources */,
				65BDA92C1FFD02E400C0848A /* UUProgressHUD.m in Sources */,
				B7B905221A5B770200A46EFD /* AppDelegate.m in Sources */,
				B7B905451A5B772900A46EFD /* RootViewController.m in Sources */,
				65A78CEB20064FD2001F24DF /* DemoMessage.m in Sources */,
				65BDA9281FFD02E400C0848A /* UUInputFunctionView.m in Sources */,
				B7B9051F1A5B770200A46EFD /* main.m in Sources */,
				65BDA92A1FFD02E400C0848A /* UUMessageFrame.m in Sources */,
				65BDA9291FFD02E400C0848A /* UUMessageContentButton.m in Sources */,
				65BDA9271FFD02E400C0848A /* UUAVAudioPlayer.m in Sources */,
				B7B905C01A5B7FCB00A46EFD /* NSDate+Utils.m in Sources */,
				65BDAAF71FFE66DD00C0848A /* UUChatCategory.m in Sources */,
				65BDA92B1FFD02E400C0848A /* UUMessageCell.m in Sources */,
				B7B905EF1A5BD04700A46EFD /* ChatModel.m in Sources */,
			);
			runOnlyForDeploymentPostprocessing = 0;
		};
		B7B9052E1A5B770200A46EFD /* Sources */ = {
			isa = PBXSourcesBuildPhase;
			buildActionMask = 2147483647;
			files = (
				B7B905391A5B770200A46EFD /* UUChatTableViewTests.m in Sources */,
			);
			runOnlyForDeploymentPostprocessing = 0;
		};
/* End PBXSourcesBuildPhase section */

/* Begin PBXTargetDependency section */
		B7B905341A5B770200A46EFD /* PBXTargetDependency */ = {
			isa = PBXTargetDependency;
			target = B7B905181A5B770200A46EFD /* UUChatTableView */;
			targetProxy = B7B905331A5B770200A46EFD /* PBXContainerItemProxy */;
		};
/* End PBXTargetDependency section */

/* Begin PBXVariantGroup section */
		B7B9052B1A5B770200A46EFD /* LaunchScreen.xib */ = {
			isa = PBXVariantGroup;
			children = (
				B7B9052C1A5B770200A46EFD /* Base */,
			);
			name = LaunchScreen.xib;
			sourceTree = "<group>";
		};
/* End PBXVariantGroup section */

/* Begin XCBuildConfiguration section */
		B7B9053A1A5B770200A46EFD /* Debug */ = {
			isa = XCBuildConfiguration;
			buildSettings = {
				ALWAYS_SEARCH_USER_PATHS = NO;
				CLANG_CXX_LANGUAGE_STANDARD = "gnu++0x";
				CLANG_CXX_LIBRARY = "libc++";
				CLANG_ENABLE_MODULES = YES;
				CLANG_ENABLE_OBJC_ARC = YES;
				CLANG_WARN_BLOCK_CAPTURE_AUTORELEASING = YES;
				CLANG_WARN_BOOL_CONVERSION = YES;
				CLANG_WARN_COMMA = YES;
				CLANG_WARN_CONSTANT_CONVERSION = YES;
				CLANG_WARN_DIRECT_OBJC_ISA_USAGE = YES_ERROR;
				CLANG_WARN_EMPTY_BODY = YES;
				CLANG_WARN_ENUM_CONVERSION = YES;
				CLANG_WARN_INFINITE_RECURSION = YES;
				CLANG_WARN_INT_CONVERSION = YES;
				CLANG_WARN_NON_LITERAL_NULL_CONVERSION = YES;
				CLANG_WARN_OBJC_LITERAL_CONVERSION = YES;
				CLANG_WARN_OBJC_ROOT_CLASS = YES_ERROR;
				CLANG_WARN_RANGE_LOOP_ANALYSIS = YES;
				CLANG_WARN_STRICT_PROTOTYPES = YES;
				CLANG_WARN_SUSPICIOUS_MOVE = YES;
				CLANG_WARN_UNREACHABLE_CODE = YES;
				CLANG_WARN__DUPLICATE_METHOD_MATCH = YES;
				"CODE_SIGN_IDENTITY[sdk=iphoneos*]" = "iPhone Developer";
				COPY_PHASE_STRIP = NO;
				ENABLE_STRICT_OBJC_MSGSEND = YES;
				ENABLE_TESTABILITY = YES;
				GCC_C_LANGUAGE_STANDARD = gnu99;
				GCC_DYNAMIC_NO_PIC = NO;
				GCC_NO_COMMON_BLOCKS = YES;
				GCC_OPTIMIZATION_LEVEL = 0;
				GCC_PRECOMPILE_PREFIX_HEADER = YES;
				GCC_PREPROCESSOR_DEFINITIONS = (
					"DEBUG=1",
					"$(inherited)",
				);
				GCC_SYMBOLS_PRIVATE_EXTERN = NO;
				GCC_WARN_64_TO_32_BIT_CONVERSION = YES;
				GCC_WARN_ABOUT_RETURN_TYPE = YES_ERROR;
				GCC_WARN_UNDECLARED_SELECTOR = YES;
				GCC_WARN_UNINITIALIZED_AUTOS = YES_AGGRESSIVE;
				GCC_WARN_UNUSED_FUNCTION = YES;
				GCC_WARN_UNUSED_VARIABLE = YES;
				IPHONEOS_DEPLOYMENT_TARGET = 8.1;
				MTL_ENABLE_DEBUG_INFO = YES;
				ONLY_ACTIVE_ARCH = YES;
				SDKROOT = iphoneos;
			};
			name = Debug;
		};
		B7B9053B1A5B770200A46EFD /* Release */ = {
			isa = XCBuildConfiguration;
			buildSettings = {
				ALWAYS_SEARCH_USER_PATHS = NO;
				CLANG_CXX_LANGUAGE_STANDARD = "gnu++0x";
				CLANG_CXX_LIBRARY = "libc++";
				CLANG_ENABLE_MODULES = YES;
				CLANG_ENABLE_OBJC_ARC = YES;
				CLANG_WARN_BLOCK_CAPTURE_AUTORELEASING = YES;
				CLANG_WARN_BOOL_CONVERSION = YES;
				CLANG_WARN_COMMA = YES;
				CLANG_WARN_CONSTANT_CONVERSION = YES;
				CLANG_WARN_DIRECT_OBJC_ISA_USAGE = YES_ERROR;
				CLANG_WARN_EMPTY_BODY = YES;
				CLANG_WARN_ENUM_CONVERSION = YES;
				CLANG_WARN_INFINITE_RECURSION = YES;
				CLANG_WARN_INT_CONVERSION = YES;
				CLANG_WARN_NON_LITERAL_NULL_CONVERSION = YES;
				CLANG_WARN_OBJC_LITERAL_CONVERSION = YES;
				CLANG_WARN_OBJC_ROOT_CLASS = YES_ERROR;
				CLANG_WARN_RANGE_LOOP_ANALYSIS = YES;
				CLANG_WARN_STRICT_PROTOTYPES = YES;
				CLANG_WARN_SUSPICIOUS_MOVE = YES;
				CLANG_WARN_UNREACHABLE_CODE = YES;
				CLANG_WARN__DUPLICATE_METHOD_MATCH = YES;
				"CODE_SIGN_IDENTITY[sdk=iphoneos*]" = "iPhone Developer";
				COPY_PHASE_STRIP = YES;
				ENABLE_NS_ASSERTIONS = NO;
				ENABLE_STRICT_OBJC_MSGSEND = YES;
				GCC_C_LANGUAGE_STANDARD = gnu99;
				GCC_NO_COMMON_BLOCKS = YES;
				GCC_PRECOMPILE_PREFIX_HEADER = YES;
				GCC_WARN_64_TO_32_BIT_CONVERSION = YES;
				GCC_WARN_ABOUT_RETURN_TYPE = YES_ERROR;
				GCC_WARN_UNDECLARED_SELECTOR = YES;
				GCC_WARN_UNINITIALIZED_AUTOS = YES_AGGRESSIVE;
				GCC_WARN_UNUSED_FUNCTION = YES;
				GCC_WARN_UNUSED_VARIABLE = YES;
				IPHONEOS_DEPLOYMENT_TARGET = 8.1;
				MTL_ENABLE_DEBUG_INFO = NO;
				SDKROOT = iphoneos;
				VALIDATE_PRODUCT = YES;
			};
			name = Release;
		};
		B7B9053D1A5B770200A46EFD /* Debug */ = {
			isa = XCBuildConfiguration;
			baseConfigurationReference = 0D9A386DD91B302B830B13BB /* Pods-UUChatTableView.debug.xcconfig */;
			buildSettings = {
				ASSETCATALOG_COMPILER_APPICON_NAME = AppIcon;
				CODE_SIGN_IDENTITY = "iPhone Developer: Peng Wang (PDX44H9Z79)";
				CODE_SIGN_STYLE = Manual;
				DEVELOPMENT_TEAM = "";
				ENABLE_BITCODE = NO;
				GCC_INCREASE_PRECOMPILED_HEADER_SHARING = NO;
				GCC_PRECOMPILE_PREFIX_HEADER = YES;
				GCC_PREFIX_HEADER = "";
				INFOPLIST_FILE = UUChatTableView/Info.plist;
				IPHONEOS_DEPLOYMENT_TARGET = 8.0;
				LD_RUNPATH_SEARCH_PATHS = "$(inherited) @executable_path/Frameworks";
				LIBRARY_SEARCH_PATHS = (
					"$(inherited)",
					"$(PROJECT_DIR)/OtherResources/VoiceLib",
				);
				PRODUCT_BUNDLE_IDENTIFIER = "com.uyiuyao.$(PRODUCT_NAME:rfc1034identifier)";
				PRODUCT_NAME = "$(TARGET_NAME)";
				PROVISIONING_PROFILE_SPECIFIER = "chelun any app";
				TARGETED_DEVICE_FAMILY = "1,2";
			};
			name = Debug;
		};
		B7B9053E1A5B770200A46EFD /* Release */ = {
			isa = XCBuildConfiguration;
			baseConfigurationReference = 0C1DFEA83C0F1A67F297FE52 /* Pods-UUChatTableView.release.xcconfig */;
			buildSettings = {
				ASSETCATALOG_COMPILER_APPICON_NAME = AppIcon;
				CODE_SIGN_IDENTITY = "iPhone Developer: Peng Wang (PDX44H9Z79)";
				CODE_SIGN_STYLE = Manual;
				DEVELOPMENT_TEAM = "";
				ENABLE_BITCODE = NO;
				GCC_INCREASE_PRECOMPILED_HEADER_SHARING = NO;
				GCC_PRECOMPILE_PREFIX_HEADER = YES;
				GCC_PREFIX_HEADER = "";
				INFOPLIST_FILE = UUChatTableView/Info.plist;
				IPHONEOS_DEPLOYMENT_TARGET = 8.0;
				LD_RUNPATH_SEARCH_PATHS = "$(inherited) @executable_path/Frameworks";
				LIBRARY_SEARCH_PATHS = (
					"$(inherited)",
					"$(PROJECT_DIR)/OtherResources/VoiceLib",
				);
				PRODUCT_BUNDLE_IDENTIFIER = "com.uyiuyao.$(PRODUCT_NAME:rfc1034identifier)";
				PRODUCT_NAME = "$(TARGET_NAME)";
				PROVISIONING_PROFILE_SPECIFIER = "chelun any app";
				TARGETED_DEVICE_FAMILY = "1,2";
			};
			name = Release;
		};
		B7B905401A5B770200A46EFD /* Debug */ = {
			isa = XCBuildConfiguration;
			buildSettings = {
				BUNDLE_LOADER = "$(TEST_HOST)";
				FRAMEWORK_SEARCH_PATHS = (
					"$(SDKROOT)/Developer/Library/Frameworks",
					"$(inherited)",
				);
				GCC_PREPROCESSOR_DEFINITIONS = (
					"DEBUG=1",
					"$(inherited)",
				);
				INFOPLIST_FILE = UUChatTableViewTests/Info.plist;
				LD_RUNPATH_SEARCH_PATHS = "$(inherited) @executable_path/Frameworks @loader_path/Frameworks";
				PRODUCT_BUNDLE_IDENTIFIER = "com.uyiuyao.$(PRODUCT_NAME:rfc1034identifier)";
				PRODUCT_NAME = "$(TARGET_NAME)";
				TEST_HOST = "$(BUILT_PRODUCTS_DIR)/UUChatTableView.app/UUChatTableView";
			};
			name = Debug;
		};
		B7B905411A5B770200A46EFD /* Release */ = {
			isa = XCBuildConfiguration;
			buildSettings = {
				BUNDLE_LOADER = "$(TEST_HOST)";
				FRAMEWORK_SEARCH_PATHS = (
					"$(SDKROOT)/Developer/Library/Frameworks",
					"$(inherited)",
				);
				INFOPLIST_FILE = UUChatTableViewTests/Info.plist;
				LD_RUNPATH_SEARCH_PATHS = "$(inherited) @executable_path/Frameworks @loader_path/Frameworks";
				PRODUCT_BUNDLE_IDENTIFIER = "com.uyiuyao.$(PRODUCT_NAME:rfc1034identifier)";
				PRODUCT_NAME = "$(TARGET_NAME)";
				TEST_HOST = "$(BUILT_PRODUCTS_DIR)/UUChatTableView.app/UUChatTableView";
			};
			name = Release;
		};
/* End XCBuildConfiguration section */

/* Begin XCConfigurationList section */
		B7B905141A5B770200A46EFD /* Build configuration list for PBXProject "UUChatTableView" */ = {
			isa = XCConfigurationList;
			buildConfigurations = (
				B7B9053A1A5B770200A46EFD /* Debug */,
				B7B9053B1A5B770200A46EFD /* Release */,
			);
			defaultConfigurationIsVisible = 0;
			defaultConfigurationName = Release;
		};
		B7B9053C1A5B770200A46EFD /* Build configuration list for PBXNativeTarget "UUChatTableView" */ = {
			isa = XCConfigurationList;
			buildConfigurations = (
				B7B9053D1A5B770200A46EFD /* Debug */,
				B7B9053E1A5B770200A46EFD /* Release */,
			);
			defaultConfigurationIsVisible = 0;
			defaultConfigurationName = Release;
		};
		B7B9053F1A5B770200A46EFD /* Build configuration list for PBXNativeTarget "UUChatTableViewTests" */ = {
			isa = XCConfigurationList;
			buildConfigurations = (
				B7B905401A5B770200A46EFD /* Debug */,
				B7B905411A5B770200A46EFD /* Release */,
			);
			defaultConfigurationIsVisible = 0;
			defaultConfigurationName = Release;
		};
/* End XCConfigurationList section */
	};
	rootObject = B7B905111A5B770200A46EFD /* Project object */;
}
